
Microsoft Visual Studio Solution File, Format Version 12.00
# Visual Studio Version 16
VisualStudioVersion = 16.0.29806.167
MinimumVisualStudioVersion = 10.0.40219.1
Project("{FAE04EC0-301F-11D3-BF4B-00C04F79EFBC}") = "TestApp.Android", "TestApp\TestApp.Android\TestApp.Android.csproj", "{835871BB-15C9-44BA-997A-360058AC0711}"
EndProject
Project("{FAE04EC0-301F-11D3-BF4B-00C04F79EFBC}") = "TestApp.iOS", "TestApp\TestApp.iOS\TestApp.iOS.csproj", "{BA5E0065-F8AF-4D1E-9DF4-81AB2FC4B7F9}"
EndProject
Project("{FAE04EC0-301F-11D3-BF4B-00C04F79EFBC}") = "TestApp", "TestApp\TestApp\TestApp.csproj", "{289D61DC-9EAB-4753-8D50-A527226FEF98}"
EndProject
Project("{FAE04EC0-301F-11D3-BF4B-00C04F79EFBC}") = "CustomControls.Android", "CustomControls\CustomControls.Android\CustomControls.Android.csproj", "{1464F3B2-3AA7-497C-9C74-70CE9D675159}"
EndProject
Project("{FAE04EC0-301F-11D3-BF4B-00C04F79EFBC}") = "CustomControls.iOS", "CustomControls\CustomControls.iOS\CustomControls.iOS.csproj", "{14E980FD-60FA-4B76-88C7-FC6D1D846181}"
EndProject
Project("{FAE04EC0-301F-11D3-BF4B-00C04F79EFBC}") = "CustomControls", "CustomControls\CustomControls\CustomControls.csproj", "{E96D0620-F891-4591-A608-96A7EF3493C8}"
EndProject
Global
	GlobalSection(SolutionConfigurationPlatforms) = preSolution
		Debug|Any CPU = Debug|Any CPU
		Debug|iPhone = Debug|iPhone
		Debug|iPhoneSimulator = Debug|iPhoneSimulator
		Release|Any CPU = Release|Any CPU
		Release|iPhone = Release|iPhone
		Release|iPhoneSimulator = Release|iPhoneSimulator
	EndGlobalSection
	GlobalSection(ProjectConfigurationPlatforms) = postSolution
		{835871BB-15C9-44BA-997A-360058AC0711}.Debug|Any CPU.ActiveCfg = Debug|Any CPU
		{835871BB-15C9-44BA-997A-360058AC0711}.Debug|Any CPU.Build.0 = Debug|Any CPU
		{835871BB-15C9-44BA-997A-360058AC0711}.Debug|Any CPU.Deploy.0 = Debug|Any CPU
		{835871BB-15C9-44BA-997A-360058AC0711}.Debug|iPhone.ActiveCfg = Debug|Any CPU
		{835871BB-15C9-44BA-997A-360058AC0711}.Debug|iPhone.Build.0 = Debug|Any CPU
		{835871BB-15C9-44BA-997A-360058AC0711}.Debug|iPhone.Deploy.0 = Debug|Any CPU
		{835871BB-15C9-44BA-997A-360058AC0711}.Debug|iPhoneSimulator.ActiveCfg = Debug|Any CPU
		{835871BB-15C9-44BA-997A-360058AC0711}.Debug|iPhoneSimulator.Build.0 = Debug|Any CPU
		{835871BB-15C9-44BA-997A-360058AC0711}.Debug|iPhoneSimulator.Deploy.0 = Debug|Any CPU
		{835871BB-15C9-44BA-997A-360058AC0711}.Release|Any CPU.ActiveCfg = Release|Any CPU
		{835871BB-15C9-44BA-997A-360058AC0711}.Release|Any CPU.Build.0 = Release|Any CPU
		{835871BB-15C9-44BA-997A-360058AC0711}.Release|Any CPU.Deploy.0 = Release|Any CPU
		{835871BB-15C9-44BA-997A-360058AC0711}.Release|iPhone.ActiveCfg = Release|Any CPU
		{835871BB-15C9-44BA-997A-360058AC0711}.Release|iPhone.Build.0 = Release|Any CPU
		{835871BB-15C9-44BA-997A-360058AC0711}.Release|iPhone.Deploy.0 = Release|Any CPU
		{835871BB-15C9-44BA-997A-360058AC0711}.Release|iPhoneSimulator.ActiveCfg = Release|Any CPU
		{835871BB-15C9-44BA-997A-360058AC0711}.Release|iPhoneSimulator.Build.0 = Release|Any CPU
		{835871BB-15C9-44BA-997A-360058AC0711}.Release|iPhoneSimulator.Deploy.0 = Release|Any CPU
		{BA5E0065-F8AF-4D1E-9DF4-81AB2FC4B7F9}.Debug|Any CPU.ActiveCfg = Debug|iPhoneSimulator
		{BA5E0065-F8AF-4D1E-9DF4-81AB2FC4B7F9}.Debug|Any CPU.Build.0 = Debug|iPhoneSimulator
		{BA5E0065-F8AF-4D1E-9DF4-81AB2FC4B7F9}.Debug|Any CPU.Deploy.0 = Debug|iPhoneSimulator
		{BA5E0065-F8AF-4D1E-9DF4-81AB2FC4B7F9}.Debug|iPhone.ActiveCfg = Debug|iPhone
		{BA5E0065-F8AF-4D1E-9DF4-81AB2FC4B7F9}.Debug|iPhone.Build.0 = Debug|iPhone
		{BA5E0065-F8AF-4D1E-9DF4-81AB2FC4B7F9}.Debug|iPhone.Deploy.0 = Debug|iPhone
		{BA5E0065-F8AF-4D1E-9DF4-81AB2FC4B7F9}.Debug|iPhoneSimulator.ActiveCfg = Debug|iPhoneSimulator
		{BA5E0065-F8AF-4D1E-9DF4-81AB2FC4B7F9}.Debug|iPhoneSimulator.Build.0 = Debug|iPhoneSimulator
		{BA5E0065-F8AF-4D1E-9DF4-81AB2FC4B7F9}.Debug|iPhoneSimulator.Deploy.0 = Debug|iPhoneSimulator
		{BA5E0065-F8AF-4D1E-9DF4-81AB2FC4B7F9}.Release|Any CPU.ActiveCfg = Release|iPhone
		{BA5E0065-F8AF-4D1E-9DF4-81AB2FC4B7F9}.Release|Any CPU.Build.0 = Release|iPhone
		{BA5E0065-F8AF-4D1E-9DF4-81AB2FC4B7F9}.Release|Any CPU.Deploy.0 = Release|iPhone
		{BA5E0065-F8AF-4D1E-9DF4-81AB2FC4B7F9}.Release|iPhone.ActiveCfg = Release|iPhone
		{BA5E0065-F8AF-4D1E-9DF4-81AB2FC4B7F9}.Release|iPhone.Build.0 = Release|iPhone
		{BA5E0065-F8AF-4D1E-9DF4-81AB2FC4B7F9}.Release|iPhone.Deploy.0 = Release|iPhone
		{BA5E0065-F8AF-4D1E-9DF4-81AB2FC4B7F9}.Release|iPhoneSimulator.ActiveCfg = Release|iPhoneSimulator
		{BA5E0065-F8AF-4D1E-9DF4-81AB2FC4B7F9}.Release|iPhoneSimulator.Build.0 = Release|iPhoneSimulator
		{BA5E0065-F8AF-4D1E-9DF4-81AB2FC4B7F9}.Release|iPhoneSimulator.Deploy.0 = Release|iPhoneSimulator
		{289D61DC-9EAB-4753-8D50-A527226FEF98}.Debug|Any CPU.ActiveCfg = Debug|Any CPU
		{289D61DC-9EAB-4753-8D50-A527226FEF98}.Debug|Any CPU.Build.0 = Debug|Any CPU
		{289D61DC-9EAB-4753-8D50-A527226FEF98}.Debug|Any CPU.Deploy.0 = Debug|Any CPU
		{289D61DC-9EAB-4753-8D50-A527226FEF98}.Debug|iPhone.ActiveCfg = Debug|Any CPU
		{289D61DC-9EAB-4753-8D50-A527226FEF98}.Debug|iPhone.Build.0 = Debug|Any CPU
		{289D61DC-9EAB-4753-8D50-A527226FEF98}.Debug|iPhone.Deploy.0 = Debug|Any CPU
		{289D61DC-9EAB-4753-8D50-A527226FEF98}.Debug|iPhoneSimulator.ActiveCfg = Debug|Any CPU
		{289D61DC-9EAB-4753-8D50-A527226FEF98}.Debug|iPhoneSimulator.Build.0 = Debug|Any CPU
		{289D61DC-9EAB-4753-8D50-A527226FEF98}.Debug|iPhoneSimulator.Deploy.0 = Debug|Any CPU
		{289D61DC-9EAB-4753-8D50-A527226FEF98}.Release|Any CPU.ActiveCfg = Release|Any CPU
		{289D61DC-9EAB-4753-8D50-A527226FEF98}.Release|Any CPU.Build.0 = Release|Any CPU
		{289D61DC-9EAB-4753-8D50-A527226FEF98}.Release|Any CPU.Deploy.0 = Release|Any CPU
		{289D61DC-9EAB-4753-8D50-A527226FEF98}.Release|iPhone.ActiveCfg = Release|Any CPU
		{289D61DC-9EAB-4753-8D50-A527226FEF98}.Release|iPhone.Build.0 = Release|Any CPU
		{289D61DC-9EAB-4753-8D50-A527226FEF98}.Release|iPhone.Deploy.0 = Release|Any CPU
		{289D61DC-9EAB-4753-8D50-A527226FEF98}.Release|iPhoneSimulator.ActiveCfg = Release|Any CPU
		{289D61DC-9EAB-4753-8D50-A527226FEF98}.Release|iPhoneSimulator.Build.0 = Release|Any CPU
		{289D61DC-9EAB-4753-8D50-A527226FEF98}.Release|iPhoneSimulator.Deploy.0 = Release|Any CPU
		{1464F3B2-3AA7-497C-9C74-70CE9D675159}.Debug|Any CPU.ActiveCfg = Debug|Any CPU
		{1464F3B2-3AA7-497C-9C74-70CE9D675159}.Debug|Any CPU.Build.0 = Debug|Any CPU
		{1464F3B2-3AA7-497C-9C74-70CE9D675159}.Debug|iPhone.ActiveCfg = Debug|Any CPU
		{1464F3B2-3AA7-497C-9C74-70CE9D675159}.Debug|iPhone.Build.0 = Debug|Any CPU
		{1464F3B2-3AA7-497C-9C74-70CE9D675159}.Debug|iPhone.Deploy.0 = Debug|Any CPU
		{1464F3B2-3AA7-497C-9C74-70CE9D675159}.Debug|iPhoneSimulator.ActiveCfg = Debug|Any CPU
		{1464F3B2-3AA7-497C-9C74-70CE9D675159}.Debug|iPhoneSimulator.Build.0 = Debug|Any CPU
		{1464F3B2-3AA7-497C-9C74-70CE9D675159}.Debug|iPhoneSimulator.Deploy.0 = Debug|Any CPU
		{1464F3B2-3AA7-497C-9C74-70CE9D675159}.Release|Any CPU.ActiveCfg = Release|Any CPU
		{1464F3B2-3AA7-497C-9C74-70CE9D675159}.Release|Any CPU.Build.0 = Release|Any CPU
		{1464F3B2-3AA7-497C-9C74-70CE9D675159}.Release|Any CPU.Deploy.0 = Release|Any CPU
		{1464F3B2-3AA7-497C-9C74-70CE9D675159}.Release|iPhone.ActiveCfg = Release|Any CPU
		{1464F3B2-3AA7-497C-9C74-70CE9D675159}.Release|iPhone.Build.0 = Release|Any CPU
		{1464F3B2-3AA7-497C-9C74-70CE9D675159}.Release|iPhone.Deploy.0 = Release|Any CPU
		{1464F3B2-3AA7-497C-9C74-70CE9D675159}.Release|iPhoneSimulator.ActiveCfg = Release|Any CPU
		{1464F3B2-3AA7-497C-9C74-70CE9D675159}.Release|iPhoneSimulator.Build.0 = Release|Any CPU
		{1464F3B2-3AA7-497C-9C74-70CE9D675159}.Release|iPhoneSimulator.Deploy.0 = Release|Any CPU
		{14E980FD-60FA-4B76-88C7-FC6D1D846181}.Debug|Any CPU.ActiveCfg = Debug|iPhone
		{14E980FD-60FA-4B76-88C7-FC6D1D846181}.Debug|iPhone.ActiveCfg = Debug|iPhone
		{14E980FD-60FA-4B76-88C7-FC6D1D846181}.Debug|iPhone.Build.0 = Debug|iPhone
		{14E980FD-60FA-4B76-88C7-FC6D1D846181}.Debug|iPhoneSimulator.ActiveCfg = Debug|iPhoneSimulator
		{14E980FD-60FA-4B76-88C7-FC6D1D846181}.Debug|iPhoneSimulator.Build.0 = Debug|iPhoneSimulator
		{14E980FD-60FA-4B76-88C7-FC6D1D846181}.Release|Any CPU.ActiveCfg = Release|iPhone
		{14E980FD-60FA-4B76-88C7-FC6D1D846181}.Release|iPhone.ActiveCfg = Release|iPhone
		{14E980FD-60FA-4B76-88C7-FC6D1D846181}.Release|iPhone.Build.0 = Release|iPhone
		{14E980FD-60FA-4B76-88C7-FC6D1D846181}.Release|iPhoneSimulator.ActiveCfg = Release|iPhoneSimulator
		{14E980FD-60FA-4B76-88C7-FC6D1D846181}.Release|iPhoneSimulator.Build.0 = Release|iPhoneSimulator
		{E96D0620-F891-4591-A608-96A7EF3493C8}.Debug|Any CPU.ActiveCfg = Debug|Any CPU
		{E96D0620-F891-4591-A608-96A7EF3493C8}.Debug|Any CPU.Build.0 = Debug|Any CPU
		{E96D0620-F891-4591-A608-96A7EF3493C8}.Debug|iPhone.ActiveCfg = Debug|Any CPU
		{E96D0620-F891-4591-A608-96A7EF3493C8}.Debug|iPhone.Build.0 = Debug|Any CPU
		{E96D0620-F891-4591-A608-96A7EF3493C8}.Debug|iPhoneSimulator.ActiveCfg = Debug|Any CPU
		{E96D0620-F891-4591-A608-96A7EF3493C8}.Debug|iPhoneSimulator.Build.0 = Debug|Any CPU
		{E96D0620-F891-4591-A608-96A7EF3493C8}.Release|Any CPU.ActiveCfg = Release|Any CPU
		{E96D0620-F891-4591-A608-96A7EF3493C8}.Release|Any CPU.Build.0 = Release|Any CPU
		{E96D0620-F891-4591-A608-96A7EF3493C8}.Release|iPhone.ActiveCfg = Release|Any CPU
		{E96D0620-F891-4591-A608-96A7EF3493C8}.Release|iPhone.Build.0 = Release|Any CPU
		{E96D0620-F891-4591-A608-96A7EF3493C8}.Release|iPhoneSimulator.ActiveCfg = Release|Any CPU
		{E96D0620-F891-4591-A608-96A7EF3493C8}.Release|iPhoneSimulator.Build.0 = Release|Any CPU
	EndGlobalSection
	GlobalSection(SolutionProperties) = preSolution
		HideSolutionNode = FALSE
	EndGlobalSection
	GlobalSection(ExtensibilityGlobals) = postSolution
		SolutionGuid = {98A50D70-DD4D-4548-B0BE-113220CC36A9}
	EndGlobalSection
EndGlobal
